
Microsoft Visual Studio Solution File, Format Version 12.00
# Visual Studio Version 16
VisualStudioVersion = 16.0.31702.278
MinimumVisualStudioVersion = 10.0.40219.1
Project("{9A19103F-16F7-4668-BE54-9A1E7A4F7556}") = "Topicos.Proyecto2.ConsoleApp", "Topicos.Proyecto2.ConsoleApp\Topicos.Proyecto2.ConsoleApp.csproj", "{362B30E6-3BFE-4C03-9642-C0BEDC31175B}"
EndProject
Project("{FAE04EC0-301F-11D3-BF4B-00C04F79EFBC}") = "Topicos.Proyecto2.Sakila.Model", "Topicos.Proyecto2.ConsoleApp\Topicos.Proyecto2.Sakila.Model\Topicos.Proyecto2.Sakila.Model.csproj", "{7BBF9A1E-32BA-4F5D-9928-F8AA1ADC858C}"
EndProject
Project("{FAE04EC0-301F-11D3-BF4B-00C04F79EFBC}") = "Topicos.Proyecto2.Api.Sakila", "Topicos.Proyecto2.ConsoleApp\Topicos.Proyecto2.Api.Sakila\Topicos.Proyecto2.Api.Sakila.csproj", "{4E735413-19FE-4D25-B02B-C60D7EE5C8B7}"
EndProject
Global
	GlobalSection(SolutionConfigurationPlatforms) = preSolution
		Debug|Any CPU = Debug|Any CPU
		Release|Any CPU = Release|Any CPU
	EndGlobalSection
	GlobalSection(ProjectConfigurationPlatforms) = postSolution
		{362B30E6-3BFE-4C03-9642-C0BEDC31175B}.Debug|Any CPU.ActiveCfg = Debug|Any CPU
		{362B30E6-3BFE-4C03-9642-C0BEDC31175B}.Debug|Any CPU.Build.0 = Debug|Any CPU
		{362B30E6-3BFE-4C03-9642-C0BEDC31175B}.Release|Any CPU.ActiveCfg = Release|Any CPU
		{362B30E6-3BFE-4C03-9642-C0BEDC31175B}.Release|Any CPU.Build.0 = Release|Any CPU
		{7BBF9A1E-32BA-4F5D-9928-F8AA1ADC858C}.Debug|Any CPU.ActiveCfg = Debug|Any CPU
		{7BBF9A1E-32BA-4F5D-9928-F8AA1ADC858C}.Debug|Any CPU.Build.0 = Debug|Any CPU
		{7BBF9A1E-32BA-4F5D-9928-F8AA1ADC858C}.Release|Any CPU.ActiveCfg = Release|Any CPU
		{7BBF9A1E-32BA-4F5D-9928-F8AA1ADC858C}.Release|Any CPU.Build.0 = Release|Any CPU
		{4E735413-19FE-4D25-B02B-C60D7EE5C8B7}.Debug|Any CPU.ActiveCfg = Debug|Any CPU
		{4E735413-19FE-4D25-B02B-C60D7EE5C8B7}.Debug|Any CPU.Build.0 = Debug|Any CPU
		{4E735413-19FE-4D25-B02B-C60D7EE5C8B7}.Release|Any CPU.ActiveCfg = Release|Any CPU
		{4E735413-19FE-4D25-B02B-C60D7EE5C8B7}.Release|Any CPU.Build.0 = Release|Any CPU
	EndGlobalSection
	GlobalSection(SolutionProperties) = preSolution
		HideSolutionNode = FALSE
	EndGlobalSection
	GlobalSection(ExtensibilityGlobals) = postSolution
		SolutionGuid = {8FA221C3-37A8-49D8-9019-24B08E0034E1}
	EndGlobalSection
EndGlobal
